
Microsoft Visual Studio Solution File, Format Version 11.00
# Visual C# Express 2010
Project("{FAE04EC0-301F-11D3-BF4B-00C04F79EFBC}") = "MadCow2011", "MadCow2011.csproj", "{E43C3165-EE18-4F15-AF5A-447DFE662C66}"
EndProject
Project("{FAE04EC0-301F-11D3-BF4B-00C04F79EFBC}") = "MadCowUpdater", "MadCowUpdater\MadCowUpdater.csproj", "{A56468FB-8CF2-4D33-8F22-9F0A70937376}"
EndProject
Global
	GlobalSection(SolutionConfigurationPlatforms) = preSolution
		Debug|x86 = Debug|x86
		Release|x86 = Release|x86
	EndGlobalSection
	GlobalSection(ProjectConfigurationPlatforms) = postSolution
		{E43C3165-EE18-4F15-AF5A-447DFE662C66}.Debug|x86.ActiveCfg = Debug|x86
		{E43C3165-EE18-4F15-AF5A-447DFE662C66}.Debug|x86.Build.0 = Debug|x86
		{E43C3165-EE18-4F15-AF5A-447DFE662C66}.Release|x86.ActiveCfg = Release|x86
		{E43C3165-EE18-4F15-AF5A-447DFE662C66}.Release|x86.Build.0 = Release|x86
		{A56468FB-8CF2-4D33-8F22-9F0A70937376}.Debug|x86.ActiveCfg = Debug|x86
		{A56468FB-8CF2-4D33-8F22-9F0A70937376}.Debug|x86.Build.0 = Debug|x86
		{A56468FB-8CF2-4D33-8F22-9F0A70937376}.Release|x86.ActiveCfg = Release|x86
		{A56468FB-8CF2-4D33-8F22-9F0A70937376}.Release|x86.Build.0 = Release|x86
	EndGlobalSection
	GlobalSection(SolutionProperties) = preSolution
		HideSolutionNode = FALSE
	EndGlobalSection
EndGlobal
